{
  "requires": true,
  "lockfileVersion": 1,
  "dependencies": {
    "express-validator": {
      "version": "6.14.0",
      "resolved": "https://registry.npmjs.org/express-validator/-/express-validator-6.14.0.tgz",
      "integrity": "sha512-ZWHJfnRgePp3FKRSKMtnZVnD1s8ZchWD+jSl7UMseGIqhweCo1Z9916/xXBbJAa6PrA3pUZfkOvIsHZG4ZtIMw==",
      "requires": {
        "lodash": "^4.17.21",
        "validator": "^13.7.0"
      }
    },
    "lodash": {
      "version": "4.17.21",
      "resolved": "https://registry.npmjs.org/lodash/-/lodash-4.17.21.tgz",
      "integrity": "sha512-v2kDEe57lecTulaDIuNTPy3Ry4gLGJ6Z1O3vE1krgXZNrsQ+LFTGHVxVjcXPs17LhbZVGedAJv8XZ1tvj5FvSg=="
    },
    "validator": {
      "version": "13.7.0",
      "resolved": "https://registry.npmjs.org/validator/-/validator-13.7.0.tgz",
      "integrity": "sha512-nYXQLCBkpJ8X6ltALua9dRrZDHVYxjJ1wgskNt1lH9fzGjs3tgojGSCBjmEPwkWS1y29+DrizMTW19Pr9uB2nw=="
    }
  }
}
